
Microsoft Visual Studio Solution File, Format Version 12.00
# Visual Studio 15
VisualStudioVersion = 15.0.28010.2046
MinimumVisualStudioVersion = 10.0.40219.1
Project("{FAE04EC0-301F-11D3-BF4B-00C04F79EFBC}") = "GakkoServices.AuthServer", "GakkoServices.AuthServer\GakkoServices.AuthServer.csproj", "{291195BB-AAF3-46C3-84AC-FFAAAB5E81B9}"
EndProject
Project("{FAE04EC0-301F-11D3-BF4B-00C04F79EFBC}") = "GakkoServices.Core", "GakkoServices.Core\GakkoServices.Core.csproj", "{FA64CE50-F9EB-4945-B9FF-FFB46AA2ED39}"
EndProject
Global
	GlobalSection(SolutionConfigurationPlatforms) = preSolution
		Debug|Any CPU = Debug|Any CPU
		Release|Any CPU = Release|Any CPU
	EndGlobalSection
	GlobalSection(ProjectConfigurationPlatforms) = postSolution
		{291195BB-AAF3-46C3-84AC-FFAAAB5E81B9}.Debug|Any CPU.ActiveCfg = Debug|Any CPU
		{291195BB-AAF3-46C3-84AC-FFAAAB5E81B9}.Debug|Any CPU.Build.0 = Debug|Any CPU
		{291195BB-AAF3-46C3-84AC-FFAAAB5E81B9}.Release|Any CPU.ActiveCfg = Release|Any CPU
		{291195BB-AAF3-46C3-84AC-FFAAAB5E81B9}.Release|Any CPU.Build.0 = Release|Any CPU
		{FA64CE50-F9EB-4945-B9FF-FFB46AA2ED39}.Debug|Any CPU.ActiveCfg = Debug|Any CPU
		{FA64CE50-F9EB-4945-B9FF-FFB46AA2ED39}.Debug|Any CPU.Build.0 = Debug|Any CPU
		{FA64CE50-F9EB-4945-B9FF-FFB46AA2ED39}.Release|Any CPU.ActiveCfg = Release|Any CPU
		{FA64CE50-F9EB-4945-B9FF-FFB46AA2ED39}.Release|Any CPU.Build.0 = Release|Any CPU
	EndGlobalSection
	GlobalSection(SolutionProperties) = preSolution
		HideSolutionNode = FALSE
	EndGlobalSection
	GlobalSection(ExtensibilityGlobals) = postSolution
		SolutionGuid = {7EA85D7E-3B0F-46D7-B66B-F1972E4F6BF9}
	EndGlobalSection
EndGlobal
